
Microsoft Visual Studio Solution File, Format Version 12.00
# Visual Studio Version 17
VisualStudioVersion = 17.6.33829.357
MinimumVisualStudioVersion = 10.0.40219.1
Project("{FAE04EC0-301F-11D3-BF4B-00C04F79EFBC}") = "Teste Prático Rhitmo", "Teste Prático Rhitmo\Teste Prático Rhitmo.csproj", "{C769B900-1314-4E97-A5A8-7799FC4492D6}"
EndProject
Global
	GlobalSection(SolutionConfigurationPlatforms) = preSolution
		Debug|Any CPU = Debug|Any CPU
		Release|Any CPU = Release|Any CPU
	EndGlobalSection
	GlobalSection(ProjectConfigurationPlatforms) = postSolution
		{C769B900-1314-4E97-A5A8-7799FC4492D6}.Debug|Any CPU.ActiveCfg = Debug|Any CPU
		{C769B900-1314-4E97-A5A8-7799FC4492D6}.Debug|Any CPU.Build.0 = Debug|Any CPU
		{C769B900-1314-4E97-A5A8-7799FC4492D6}.Release|Any CPU.ActiveCfg = Release|Any CPU
		{C769B900-1314-4E97-A5A8-7799FC4492D6}.Release|Any CPU.Build.0 = Release|Any CPU
	EndGlobalSection
	GlobalSection(SolutionProperties) = preSolution
		HideSolutionNode = FALSE
	EndGlobalSection
	GlobalSection(ExtensibilityGlobals) = postSolution
		SolutionGuid = {DF8D7037-6839-4061-8BF2-08CDA30D3BF4}
	EndGlobalSection
EndGlobal
